
Microsoft Visual Studio Solution File, Format Version 12.00
# Visual Studio Version 17
VisualStudioVersion = 17.4.33213.308
MinimumVisualStudioVersion = 10.0.40219.1
Project("{FAE04EC0-301F-11D3-BF4B-00C04F79EFBC}") = "bioscoop", "bioscoop\bioscoop.csproj", "{C29D63CF-3928-4F1E-B5B9-8A6F07F4FB11}"
EndProject
Global
	GlobalSection(SolutionConfigurationPlatforms) = preSolution
		Debug|Any CPU = Debug|Any CPU
		Release|Any CPU = Release|Any CPU
	EndGlobalSection
	GlobalSection(ProjectConfigurationPlatforms) = postSolution
		{C29D63CF-3928-4F1E-B5B9-8A6F07F4FB11}.Debug|Any CPU.ActiveCfg = Debug|Any CPU
		{C29D63CF-3928-4F1E-B5B9-8A6F07F4FB11}.Debug|Any CPU.Build.0 = Debug|Any CPU
		{C29D63CF-3928-4F1E-B5B9-8A6F07F4FB11}.Release|Any CPU.ActiveCfg = Release|Any CPU
		{C29D63CF-3928-4F1E-B5B9-8A6F07F4FB11}.Release|Any CPU.Build.0 = Release|Any CPU
	EndGlobalSection
	GlobalSection(SolutionProperties) = preSolution
		HideSolutionNode = FALSE
	EndGlobalSection
	GlobalSection(ExtensibilityGlobals) = postSolution
		SolutionGuid = {CC5CFD5A-7EDB-4EA1-AF47-868465F4CE45}
	EndGlobalSection
EndGlobal
